{
  "name": "portfolio",
  "lockfileVersion": 3,
  "requires": true,
  "packages": {
    "": {
      "dependencies": {
        "nuekit": "^2.0.0-beta.2"
      }
    },
    "node_modules/nue-edgeserver": {
      "version": "0.1.0",
      "license": "MIT"
    },
    "node_modules/nue-glow": {
      "version": "0.2.5",
      "license": "MIT",
      "engines": {
        "bun": ">= 1",
        "node": ">= 18"
      }
    },
    "node_modules/nuedom": {
      "version": "0.1.0",
      "license": "MIT",
      "engines": {
        "bun": ">= 1.2",
        "node": ">= 20.0.0"
      }
    },
    "node_modules/nuekit": {
      "version": "2.0.0-beta.2",
      "license": "MIT",
      "dependencies": {
        "nue-edgeserver": "^0.1.0",
        "nue-glow": "^0.2.0",
        "nuedom": "^0.1.0",
        "nuemark": "^0.7.0",
        "nuestate": "^0.1.0",
        "nueyaml": "^0.1.0"
      },
      "bin": {
        "nue": "src/cli.js"
      },
      "engines": {
        "bun": ">= 1.2.2"
      }
    },
    "node_modules/nuemark": {
      "version": "0.7.0",
      "license": "MIT",
      "dependencies": {
        "nue-glow": "^0.2.0",
        "nueyaml": "^0.1.0"
      }
    },
    "node_modules/nuestate": {
      "version": "0.1.1",
      "license": "MIT"
    },
    "node_modules/nueyaml": {
      "version": "0.1.0",
      "license": "MIT"
    }
  }
}
